
Microsoft Visual Studio Solution File, Format Version 12.00
# Visual Studio 15
VisualStudioVersion = 15.0.28307.271
MinimumVisualStudioVersion = 10.0.40219.1
Project("{FAE04EC0-301F-11D3-BF4B-00C04F79EFBC}") = "Lab4", "Lab4\Lab4.csproj", "{CC1CAA11-CD94-449E-B4B8-E95CE44090CD}"
EndProject
Global
	GlobalSection(SolutionConfigurationPlatforms) = preSolution
		Debug|Any CPU = Debug|Any CPU
		Release|Any CPU = Release|Any CPU
	EndGlobalSection
	GlobalSection(ProjectConfigurationPlatforms) = postSolution
		{CC1CAA11-CD94-449E-B4B8-E95CE44090CD}.Debug|Any CPU.ActiveCfg = Debug|Any CPU
		{CC1CAA11-CD94-449E-B4B8-E95CE44090CD}.Debug|Any CPU.Build.0 = Debug|Any CPU
		{CC1CAA11-CD94-449E-B4B8-E95CE44090CD}.Release|Any CPU.ActiveCfg = Release|Any CPU
		{CC1CAA11-CD94-449E-B4B8-E95CE44090CD}.Release|Any CPU.Build.0 = Release|Any CPU
	EndGlobalSection
	GlobalSection(SolutionProperties) = preSolution
		HideSolutionNode = FALSE
	EndGlobalSection
	GlobalSection(ExtensibilityGlobals) = postSolution
		SolutionGuid = {EF3E5393-5043-447B-B1FA-86C56064713C}
	EndGlobalSection
EndGlobal
